
Microsoft Visual Studio Solution File, Format Version 12.00
# Visual Studio 15
VisualStudioVersion = 15.0.26730.16
MinimumVisualStudioVersion = 10.0.40219.1
Project("{FAE04EC0-301F-11D3-BF4B-00C04F79EFBC}") = "DominoTest", "DominoTest\DominoTest.csproj", "{C7EE1B68-029D-403D-8855-EA640C65F439}"
EndProject
Project("{FAE04EC0-301F-11D3-BF4B-00C04F79EFBC}") = "DominoClassLiberary", "DominoClassLiberary\DominoClassLiberary.csproj", "{DECA3A0C-70D2-4E00-9D30-E58AFA63918B}"
EndProject
Project("{FAE04EC0-301F-11D3-BF4B-00C04F79EFBC}") = "MTDUserInterface", "MTDUserInterfaceStart\MTDUserInterface.csproj", "{EF8DFD5F-B243-4143-8556-84E6D4048801}"
EndProject
Global
	GlobalSection(SolutionConfigurationPlatforms) = preSolution
		Debug|Any CPU = Debug|Any CPU
		Release|Any CPU = Release|Any CPU
	EndGlobalSection
	GlobalSection(ProjectConfigurationPlatforms) = postSolution
		{C7EE1B68-029D-403D-8855-EA640C65F439}.Debug|Any CPU.ActiveCfg = Debug|Any CPU
		{C7EE1B68-029D-403D-8855-EA640C65F439}.Debug|Any CPU.Build.0 = Debug|Any CPU
		{C7EE1B68-029D-403D-8855-EA640C65F439}.Release|Any CPU.ActiveCfg = Release|Any CPU
		{C7EE1B68-029D-403D-8855-EA640C65F439}.Release|Any CPU.Build.0 = Release|Any CPU
		{DECA3A0C-70D2-4E00-9D30-E58AFA63918B}.Debug|Any CPU.ActiveCfg = Debug|Any CPU
		{DECA3A0C-70D2-4E00-9D30-E58AFA63918B}.Debug|Any CPU.Build.0 = Debug|Any CPU
		{DECA3A0C-70D2-4E00-9D30-E58AFA63918B}.Release|Any CPU.ActiveCfg = Release|Any CPU
		{DECA3A0C-70D2-4E00-9D30-E58AFA63918B}.Release|Any CPU.Build.0 = Release|Any CPU
		{EF8DFD5F-B243-4143-8556-84E6D4048801}.Debug|Any CPU.ActiveCfg = Debug|Any CPU
		{EF8DFD5F-B243-4143-8556-84E6D4048801}.Debug|Any CPU.Build.0 = Debug|Any CPU
		{EF8DFD5F-B243-4143-8556-84E6D4048801}.Release|Any CPU.ActiveCfg = Release|Any CPU
		{EF8DFD5F-B243-4143-8556-84E6D4048801}.Release|Any CPU.Build.0 = Release|Any CPU
	EndGlobalSection
	GlobalSection(SolutionProperties) = preSolution
		HideSolutionNode = FALSE
	EndGlobalSection
	GlobalSection(ExtensibilityGlobals) = postSolution
		SolutionGuid = {78D9359D-7663-4AC3-B0CD-36E6D411C0CA}
	EndGlobalSection
EndGlobal
